Microsoft Visual Studio Solution File, Format Version 12.00
# Visual Studio Version 17
VisualStudioVersion = 17.0.31903.59
MinimumVisualStudioVersion = 10.0.40219.1
Project("{FAE04EC0-301F-11D3-BF4B-00C04F79EFBC}") = "DSCons.RevitMcp.Contracts", "contracts\DSCons.RevitMcp.Contracts.csproj", "{4E79D11C-47CB-4B43-A23A-2EB0B0000001}"
EndProject
Project("{FAE04EC0-301F-11D3-BF4B-00C04F79EFBC}") = "DSCons.RevitMcp", "MCP\DSCons.RevitMcp.csproj", "{4E79D11C-47CB-4B43-A23A-2EB0B0000003}"
EndProject
Project("{FAE04EC0-301F-11D3-BF4B-00C04F79EFBC}") = "DSCons.RevitMcp.CoreRuntime", "MCP.CoreRuntime\DSCons.RevitMcp.CoreRuntime.csproj", "{4E79D11C-47CB-4B43-A23A-2EB0B0000005}"
EndProject
Project("{FAE04EC0-301F-11D3-BF4B-00C04F79EFBC}") = "DSCons.RevitMcp.Contracts.Tests", "tests\DSCons.RevitMcp.Contracts.Tests\DSCons.RevitMcp.Contracts.Tests.csproj", "{4E79D11C-47CB-4B43-A23A-2EB0B0000004}"
EndProject
Global
	GlobalSection(SolutionConfigurationPlatforms) = preSolution
		Debug|Any CPU = Debug|Any CPU
		Release|Any CPU = Release|Any CPU
	EndGlobalSection
	GlobalSection(ProjectConfigurationPlatforms) = postSolution
		{4E79D11C-47CB-4B43-A23A-2EB0B0000001}.Debug|Any CPU.ActiveCfg = Debug|Any CPU
		{4E79D11C-47CB-4B43-A23A-2EB0B0000001}.Debug|Any CPU.Build.0 = Debug|Any CPU
		{4E79D11C-47CB-4B43-A23A-2EB0B0000001}.Release|Any CPU.ActiveCfg = Release|Any CPU
		{4E79D11C-47CB-4B43-A23A-2EB0B0000001}.Release|Any CPU.Build.0 = Release|Any CPU
		{4E79D11C-47CB-4B43-A23A-2EB0B0000003}.Debug|Any CPU.ActiveCfg = Debug|Any CPU
		{4E79D11C-47CB-4B43-A23A-2EB0B0000003}.Debug|Any CPU.Build.0 = Debug|Any CPU
		{4E79D11C-47CB-4B43-A23A-2EB0B0000003}.Release|Any CPU.ActiveCfg = Release|Any CPU
		{4E79D11C-47CB-4B43-A23A-2EB0B0000003}.Release|Any CPU.Build.0 = Release|Any CPU
		{4E79D11C-47CB-4B43-A23A-2EB0B0000005}.Debug|Any CPU.ActiveCfg = Debug|Any CPU
		{4E79D11C-47CB-4B43-A23A-2EB0B0000005}.Debug|Any CPU.Build.0 = Debug|Any CPU
		{4E79D11C-47CB-4B43-A23A-2EB0B0000005}.Release|Any CPU.ActiveCfg = Release|Any CPU
		{4E79D11C-47CB-4B43-A23A-2EB0B0000005}.Release|Any CPU.Build.0 = Release|Any CPU
		{4E79D11C-47CB-4B43-A23A-2EB0B0000004}.Debug|Any CPU.ActiveCfg = Debug|Any CPU
		{4E79D11C-47CB-4B43-A23A-2EB0B0000004}.Debug|Any CPU.Build.0 = Debug|Any CPU
		{4E79D11C-47CB-4B43-A23A-2EB0B0000004}.Release|Any CPU.ActiveCfg = Release|Any CPU
		{4E79D11C-47CB-4B43-A23A-2EB0B0000004}.Release|Any CPU.Build.0 = Release|Any CPU
	EndGlobalSection
EndGlobal
